
Microsoft Visual Studio Solution File, Format Version 12.00
# Visual Studio Version 16
VisualStudioVersion = 16.0.36227.6
MinimumVisualStudioVersion = 10.0.40219.1
Project("{FAE04EC0-301F-11D3-BF4B-00C04F79EFBC}") = "Web_61131562", "Web_61131562.csproj", "{57111B23-3436-48E6-BD9A-6C8A864FBA17}"
EndProject
Global
	GlobalSection(SolutionConfigurationPlatforms) = preSolution
		Debug|Any CPU = Debug|Any CPU
		Release|Any CPU = Release|Any CPU
	EndGlobalSection
	GlobalSection(ProjectConfigurationPlatforms) = postSolution
		{57111B23-3436-48E6-BD9A-6C8A864FBA17}.Debug|Any CPU.ActiveCfg = Debug|Any CPU
		{57111B23-3436-48E6-BD9A-6C8A864FBA17}.Debug|Any CPU.Build.0 = Debug|Any CPU
		{57111B23-3436-48E6-BD9A-6C8A864FBA17}.Release|Any CPU.ActiveCfg = Release|Any CPU
		{57111B23-3436-48E6-BD9A-6C8A864FBA17}.Release|Any CPU.Build.0 = Release|Any CPU
	EndGlobalSection
	GlobalSection(SolutionProperties) = preSolution
		HideSolutionNode = FALSE
	EndGlobalSection
	GlobalSection(ExtensibilityGlobals) = postSolution
		SolutionGuid = {E7577561-F5C6-4A7A-95DB-02785728C0F8}
	EndGlobalSection
EndGlobal
